<?xml version="1.0" encoding="utf-8"?>
<Project ToolsVersion="4.0" xmlns="http://schemas.microsoft.com/developer/msbuild/2003">
  <ItemGroup>
    <Filter Include="Classes">
      <UniqueIdentifier>{fc5cb953-2953-4968-83b3-39e3ff951754}</UniqueIdentifier>
    </Filter>
    <Filter Include="win32">
      <UniqueIdentifier>{037a9a02-b906-4cc5-ad98-304acd4e25ee}</UniqueIdentifier>
    </Filter>
    <Filter Include="Classes\Scene">
      <UniqueIdentifier>{3c0602a1-6341-4a53-ac92-040a0353bc7e}</UniqueIdentifier>
    </Filter>
    <Filter Include="Classes\Base">
      <UniqueIdentifier>{7fc57944-8208-4f30-a6cb-e0b2cf38df5c}</UniqueIdentifier>
    </Filter>
    <Filter Include="Classes\Config">
      <UniqueIdentifier>{1722ba10-af80-4792-843f-11908d1a4519}</UniqueIdentifier>
    </Filter>
    <Filter Include="Classes\AD">
      <UniqueIdentifier>{84d826f5-f027-4661-80cd-14f3641d25e6}</UniqueIdentifier>
    </Filter>
    <Filter Include="Classes\Layer">
      <UniqueIdentifier>{5771c48e-69cc-4b72-99b9-31639f6234af}</UniqueIdentifier>
    </Filter>
    <Filter Include="Classes\Tower">
      <UniqueIdentifier>{60e7d6f3-caf7-4533-b5d1-42eedcaac3b9}</UniqueIdentifier>
    </Filter>
    <Filter Include="Classes\View">
      <UniqueIdentifier>{50b22d87-7f18-4f90-9bd7-c4c4aa7493c4}</UniqueIdentifier>
    </Filter>
    <Filter Include="Classes\Data">
      <UniqueIdentifier>{e1f0779d-a24c-458b-a9b2-a99f062585ce}</UniqueIdentifier>
    </Filter>
    <Filter Include="Classes\Utils">
      <UniqueIdentifier>{c9b5509e-c33e-4566-bbe6-8606ab801b67}</UniqueIdentifier>
    </Filter>
    <Filter Include="Classes\Enemy">
      <UniqueIdentifier>{737b4ea3-49e0-45d6-b6ac-6e33097cc66a}</UniqueIdentifier>
    </Filter>
  </ItemGroup>
  <ItemGroup>
    <ClInclude Include="main.h">
      <Filter>win32</Filter>
    </ClInclude>
    <ClInclude Include="..\Classes\AppDelegate.h">
      <Filter>Classes</Filter>
    </ClInclude>
    <ClInclude Include="..\Classes\HelloWorldScene.h">
      <Filter>Classes\Scene</Filter>
    </ClInclude>
    <ClInclude Include="..\Classes\WelcomeLayerClass.h">
      <Filter>Classes\Scene</Filter>
    </ClInclude>
    <ClInclude Include="..\Classes\GameMusicConClass.h">
      <Filter>Classes\Base</Filter>
    </ClInclude>
    <ClInclude Include="..\Classes\LcdAdapClass.h">
      <Filter>Classes\Base</Filter>
    </ClInclude>
    <ClInclude Include="..\Classes\gameADShowClass.h">
      <Filter>Classes\Scene</Filter>
    </ClInclude>
    <ClInclude Include="..\Classes\gameADConClass.h">
      <Filter>Classes\AD</Filter>
    </ClInclude>
    <ClInclude Include="..\Classes\AdventureLevelClass.h">
      <Filter>Classes\Scene</Filter>
    </ClInclude>
    <ClInclude Include="..\Classes\AdventureModeMainClass.h">
      <Filter>Classes\Scene</Filter>
    </ClInclude>
    <ClInclude Include="..\Classes\AttackTowerClass.h">
      <Filter>Classes\Tower</Filter>
    </ClInclude>
    <ClInclude Include="..\Classes\BossModeClass.h">
      <Filter>Classes\Scene</Filter>
    </ClInclude>
    <ClInclude Include="..\Classes\CaratonProClass.h">
      <Filter>Classes\View</Filter>
    </ClInclude>
    <ClInclude Include="..\Classes\comSpriteActionClass.h">
      <Filter>Classes\View</Filter>
    </ClInclude>
    <ClInclude Include="..\Classes\FontShowClass.h">
      <Filter>Classes\View</Filter>
    </ClInclude>
    <ClInclude Include="..\Classes\GameLogoRotateClass.h">
      <Filter>Classes\View</Filter>
    </ClInclude>
    <ClInclude Include="..\Classes\GameMainLevelClass.h">
      <Filter>Classes\Scene</Filter>
    </ClInclude>
    <ClInclude Include="..\Classes\GameParam.h">
      <Filter>Classes\Config</Filter>
    </ClInclude>
    <ClInclude Include="..\Classes\GameMusicKey.h">
      <Filter>Classes\Config</Filter>
    </ClInclude>
    <ClInclude Include="..\Classes\gameShopClass.h">
      <Filter>Classes\Layer</Filter>
    </ClInclude>
    <ClInclude Include="..\Classes\GameSpriteParm.h">
      <Filter>Classes\Config</Filter>
    </ClInclude>
    <ClInclude Include="..\Classes\GameShowValidPos.h">
      <Filter>Classes\View</Filter>
    </ClInclude>
    <ClInclude Include="..\Classes\GameStartLayerClass.h">
      <Filter>Classes\Scene</Filter>
    </ClInclude>
    <ClInclude Include="..\Classes\HelpLayerClass.h">
      <Filter>Classes\Scene</Filter>
    </ClInclude>
    <ClInclude Include="..\Classes\HelpPlayGame.h">
      <Filter>Classes\Layer</Filter>
    </ClInclude>
    <ClInclude Include="..\Classes\HUDClass.h">
      <Filter>Classes\Data</Filter>
    </ClInclude>
    <ClInclude Include="..\Classes\MapPassClass.h">
      <Filter>Classes\View</Filter>
    </ClInclude>
    <ClInclude Include="..\Classes\MoneyScoreClass.h">
      <Filter>Classes\View</Filter>
    </ClInclude>
    <ClInclude Include="..\Classes\PetsBreedClass.h">
      <Filter>Classes\View</Filter>
    </ClInclude>
    <ClInclude Include="..\Classes\PetsDropClass.h">
      <Filter>Classes\Layer</Filter>
    </ClInclude>
    <ClInclude Include="..\Classes\PetsNestClass.h">
      <Filter>Classes\Scene</Filter>
    </ClInclude>
    <ClInclude Include="..\Classes\ScrollViewClass.h">
      <Filter>Classes\Base</Filter>
    </ClInclude>
    <ClInclude Include="..\Classes\ShowWinLoseClass.h">
      <Filter>Classes\Layer</Filter>
    </ClInclude>
    <ClInclude Include="..\Classes\SkyLineDetailClass.h">
      <Filter>Classes\Scene</Filter>
    </ClInclude>
    <ClInclude Include="..\Classes\GameSubLevelSelClass.h">
      <Filter>Classes\Layer</Filter>
    </ClInclude>
    <ClInclude Include="..\Classes\TowerBulletClass.h">
      <Filter>Classes\Tower</Filter>
    </ClInclude>
    <ClInclude Include="..\Classes\TowerBulletEffectClass.h">
      <Filter>Classes\Tower</Filter>
    </ClInclude>
    <ClInclude Include="..\Classes\WhaleClass.h">
      <Filter>Classes\View</Filter>
    </ClInclude>
    <ClInclude Include="..\Classes\WayPointClass.h">
      <Filter>Classes\View</Filter>
    </ClInclude>
    <ClInclude Include="..\Classes\TowerSelPadClass.h">
      <Filter>Classes\View</Filter>
    </ClInclude>
    <ClInclude Include="..\Classes\TowerAddTypeClass.h">
      <Filter>Classes\View</Filter>
    </ClInclude>
    <ClInclude Include="..\Classes\GameAddEnemyClass.h">
      <Filter>Classes\View</Filter>
    </ClInclude>
    <ClInclude Include="..\Classes\ShowTowerFeatureClass.h">
      <Filter>Classes\Layer</Filter>
    </ClInclude>
    <ClInclude Include="..\Classes\GameStageConClass.h">
      <Filter>Classes\Data</Filter>
    </ClInclude>
    <ClInclude Include="..\Classes\CommonClass.h">
      <Filter>Classes\Base</Filter>
    </ClInclude>
    <ClInclude Include="..\Classes\Util.h">
      <Filter>Classes\Utils</Filter>
    </ClInclude>
    <ClInclude Include="..\Classes\EnemySpriteClass.h">
      <Filter>Classes\Enemy</Filter>
    </ClInclude>
  </ItemGroup>
  <ItemGroup>
    <ClCompile Include="main.cpp">
      <Filter>win32</Filter>
    </ClCompile>
    <ClCompile Include="..\Classes\AppDelegate.cpp">
      <Filter>Classes</Filter>
    </ClCompile>
    <ClCompile Include="..\Classes\HelloWorldScene.cpp">
      <Filter>Classes\Scene</Filter>
    </ClCompile>
    <ClCompile Include="..\Classes\WelcomeLayerClass.cpp">
      <Filter>Classes\Scene</Filter>
    </ClCompile>
    <ClCompile Include="..\Classes\GameMusicConClass.cpp">
      <Filter>Classes\Base</Filter>
    </ClCompile>
    <ClCompile Include="..\Classes\LcdAdapClass.cpp">
      <Filter>Classes\Base</Filter>
    </ClCompile>
    <ClCompile Include="..\Classes\gameADShowClass.cpp">
      <Filter>Classes\Scene</Filter>
    </ClCompile>
    <ClCompile Include="..\Classes\gameADConClass.cpp">
      <Filter>Classes\AD</Filter>
    </ClCompile>
    <ClCompile Include="..\Classes\AdventureLevelClass.cpp">
      <Filter>Classes\Scene</Filter>
    </ClCompile>
    <ClCompile Include="..\Classes\AdventureModeMainClass.cpp">
      <Filter>Classes\Scene</Filter>
    </ClCompile>
    <ClCompile Include="..\Classes\AttackTowerClass.cpp">
      <Filter>Classes\Tower</Filter>
    </ClCompile>
    <ClCompile Include="..\Classes\BossModeClass.cpp">
      <Filter>Classes\Scene</Filter>
    </ClCompile>
    <ClCompile Include="..\Classes\CaratonProClass.cpp">
      <Filter>Classes\View</Filter>
    </ClCompile>
    <ClCompile Include="..\Classes\comSpriteActionClass.cpp">
      <Filter>Classes\View</Filter>
    </ClCompile>
    <ClCompile Include="..\Classes\FontShowClass.cpp">
      <Filter>Classes\View</Filter>
    </ClCompile>
    <ClCompile Include="..\Classes\GameLogoRotateClass.cpp">
      <Filter>Classes\View</Filter>
    </ClCompile>
    <ClCompile Include="..\Classes\GameMainLevelClass.cpp">
      <Filter>Classes\Scene</Filter>
    </ClCompile>
    <ClCompile Include="..\Classes\gameShopClass.cpp">
      <Filter>Classes\Layer</Filter>
    </ClCompile>
    <ClCompile Include="..\Classes\GameShowValidPos.cpp">
      <Filter>Classes\View</Filter>
    </ClCompile>
    <ClCompile Include="..\Classes\GameStartLayerClass.cpp">
      <Filter>Classes\Scene</Filter>
    </ClCompile>
    <ClCompile Include="..\Classes\HelpLayerClass.cpp">
      <Filter>Classes\Scene</Filter>
    </ClCompile>
    <ClCompile Include="..\Classes\HelpPlayGame.cpp">
      <Filter>Classes\Layer</Filter>
    </ClCompile>
    <ClCompile Include="..\Classes\HUDClass.cpp">
      <Filter>Classes\Data</Filter>
    </ClCompile>
    <ClCompile Include="..\Classes\MapPassClass.cpp">
      <Filter>Classes\View</Filter>
    </ClCompile>
    <ClCompile Include="..\Classes\MoneyScoreClass.cpp">
      <Filter>Classes\View</Filter>
    </ClCompile>
    <ClCompile Include="..\Classes\PetsBreedClass.cpp">
      <Filter>Classes\View</Filter>
    </ClCompile>
    <ClCompile Include="..\Classes\PetsDropClass.cpp">
      <Filter>Classes\Layer</Filter>
    </ClCompile>
    <ClCompile Include="..\Classes\PetsNestClass.cpp">
      <Filter>Classes\Scene</Filter>
    </ClCompile>
    <ClCompile Include="..\Classes\ScrollViewClass.cpp">
      <Filter>Classes\Base</Filter>
    </ClCompile>
    <ClCompile Include="..\Classes\ShowWinLoseClass.cpp">
      <Filter>Classes\Layer</Filter>
    </ClCompile>
    <ClCompile Include="..\Classes\SkyLineDetailClass.cpp">
      <Filter>Classes\Scene</Filter>
    </ClCompile>
    <ClCompile Include="..\Classes\GameSubLevelSelClass.cpp">
      <Filter>Classes\Layer</Filter>
    </ClCompile>
    <ClCompile Include="..\Classes\TowerBulletClass.cpp">
      <Filter>Classes\Tower</Filter>
    </ClCompile>
    <ClCompile Include="..\Classes\TowerBulletEffectClass.cpp">
      <Filter>Classes\Tower</Filter>
    </ClCompile>
    <ClCompile Include="..\Classes\WhaleClass.cpp">
      <Filter>Classes\View</Filter>
    </ClCompile>
    <ClCompile Include="..\Classes\WayPointClass.cpp">
      <Filter>Classes\View</Filter>
    </ClCompile>
    <ClCompile Include="..\Classes\TowerSelPadClass.cpp">
      <Filter>Classes\View</Filter>
    </ClCompile>
    <ClCompile Include="..\Classes\TowerAddTypeClass.cpp">
      <Filter>Classes\View</Filter>
    </ClCompile>
    <ClCompile Include="..\Classes\GameAddEnemyClass.cpp">
      <Filter>Classes\View</Filter>
    </ClCompile>
    <ClCompile Include="..\Classes\ShowTowerFeatureClass.cpp">
      <Filter>Classes\Layer</Filter>
    </ClCompile>
    <ClCompile Include="..\Classes\GameStageConClass.cpp">
      <Filter>Classes\Data</Filter>
    </ClCompile>
    <ClCompile Include="..\Classes\CommonClass.cpp">
      <Filter>Classes\Base</Filter>
    </ClCompile>
    <ClCompile Include="..\Classes\Util.cpp">
      <Filter>Classes\Utils</Filter>
    </ClCompile>
    <ClCompile Include="..\Classes\EnemySpriteClass.cpp">
      <Filter>Classes\Enemy</Filter>
    </ClCompile>
  </ItemGroup>
</Project>